// !$*UTF8*$!
{
	archiveVersion = 1;
	classes = {
	};
	objectVersion = 56;
	objects = {

/* Begin PBXBuildFile section */
		2A1B9E962B725D560040DB7A /* GoogleService-Info.plist in Resources */ = {isa = PBXBuildFile; fileRef = 2A1B9E952B725D560040DB7A /* GoogleService-Info.plist */; };
		2A1B9E992B72603A0040DB7A /* FirebaseAuth in Frameworks */ = {isa = PBXBuildFile; productRef = 2A1B9E982B72603A0040DB7A /* FirebaseAuth */; };
		2A1B9E9E2B72626D0040DB7A /* AuthViewModel.swift in Sources */ = {isa = PBXBuildFile; fileRef = 2A1B9E9D2B72626D0040DB7A /* AuthViewModel.swift */; };
		2A1B9EA02B7264110040DB7A /* SignInView.swift in Sources */ = {isa = PBXBuildFile; fileRef = 2A1B9E9F2B7264110040DB7A /* SignInView.swift */; };
		2A1B9EA22B7264220040DB7A /* SignUpView.swift in Sources */ = {isa = PBXBuildFile; fileRef = 2A1B9EA12B7264220040DB7A /* SignUpView.swift */; };
		2A1B9EA42B7264A50040DB7A /* ResetPasswordView.swift in Sources */ = {isa = PBXBuildFile; fileRef = 2A1B9EA32B7264A50040DB7A /* ResetPasswordView.swift */; };
		2A1B9EA62B7264EB0040DB7A /* HelloView.swift in Sources */ = {isa = PBXBuildFile; fileRef = 2A1B9EA52B7264EB0040DB7A /* HelloView.swift */; };
		2A620DB02B739D8F00308D41 /* ARKit.framework in Frameworks */ = {isa = PBXBuildFile; fileRef = 2A620DAF2B739D8F00308D41 /* ARKit.framework */; };
		2A620DB22B739D9800308D41 /* CoreLocation.framework in Frameworks */ = {isa = PBXBuildFile; fileRef = 2A620DB12B739D9800308D41 /* CoreLocation.framework */; };
		2A620DB62B739E2F00308D41 /* ARView.swift in Sources */ = {isa = PBXBuildFile; fileRef = 2A620DB52B739E2F00308D41 /* ARView.swift */; };
		2A620DB82B73A8FC00308D41 /* FullScreenARView.swift in Sources */ = {isa = PBXBuildFile; fileRef = 2A620DB72B73A8FC00308D41 /* FullScreenARView.swift */; };
		2A620DBA2B73ABB500308D41 /* TextBoxViewModel.swift in Sources */ = {isa = PBXBuildFile; fileRef = 2A620DB92B73ABB500308D41 /* TextBoxViewModel.swift */; };
		2ABA8AAA2B71E9B400981749 /* Second.swift in Sources */ = {isa = PBXBuildFile; fileRef = 2ABA8AA92B71E9B400981749 /* Second.swift */; };
		2ABA8AAC2B71E9BA00981749 /* Third.swift in Sources */ = {isa = PBXBuildFile; fileRef = 2ABA8AAB2B71E9BA00981749 /* Third.swift */; };
		2AD875AF2B71D3380092F094 /* TextBoxView.swift in Sources */ = {isa = PBXBuildFile; fileRef = 2AD875AE2B71D3380092F094 /* TextBoxView.swift */; };
		2AD875B12B71E3C80092F094 /* NavigationButtonView.swift in Sources */ = {isa = PBXBuildFile; fileRef = 2AD875B02B71E3C80092F094 /* NavigationButtonView.swift */; };
		2AD875B72B71E7070092F094 /* PostButtonView.swift in Sources */ = {isa = PBXBuildFile; fileRef = 2AD875B62B71E7070092F094 /* PostButtonView.swift */; };
		2AE0DD6A2B70EFD300D2436C /* mapkit_pracApp.swift in Sources */ = {isa = PBXBuildFile; fileRef = 2AE0DD692B70EFD300D2436C /* mapkit_pracApp.swift */; };
		2AE0DD6C2B70EFD300D2436C /* ContentView.swift in Sources */ = {isa = PBXBuildFile; fileRef = 2AE0DD6B2B70EFD300D2436C /* ContentView.swift */; };
		2AE0DD6E2B70EFD400D2436C /* Assets.xcassets in Resources */ = {isa = PBXBuildFile; fileRef = 2AE0DD6D2B70EFD400D2436C /* Assets.xcassets */; };
		2AE0DD712B70EFD400D2436C /* Preview Assets.xcassets in Resources */ = {isa = PBXBuildFile; fileRef = 2AE0DD702B70EFD400D2436C /* Preview Assets.xcassets */; };
		2AE0DD7B2B70EFD400D2436C /* mapkit_pracTests.swift in Sources */ = {isa = PBXBuildFile; fileRef = 2AE0DD7A2B70EFD400D2436C /* mapkit_pracTests.swift */; };
		2AE0DD852B70EFD400D2436C /* mapkit_pracUITests.swift in Sources */ = {isa = PBXBuildFile; fileRef = 2AE0DD842B70EFD400D2436C /* mapkit_pracUITests.swift */; };
		2AE0DD872B70EFD400D2436C /* mapkit_pracUITestsLaunchTests.swift in Sources */ = {isa = PBXBuildFile; fileRef = 2AE0DD862B70EFD400D2436C /* mapkit_pracUITestsLaunchTests.swift */; };
		2AE0DD942B70EFFC00D2436C /* MapView.swift in Sources */ = {isa = PBXBuildFile; fileRef = 2AE0DD932B70EFFC00D2436C /* MapView.swift */; };
		2AE0DD962B70F00D00D2436C /* LocationManagerRepository.swift in Sources */ = {isa = PBXBuildFile; fileRef = 2AE0DD952B70F00D00D2436C /* LocationManagerRepository.swift */; };
/* End PBXBuildFile section */

/* Begin PBXContainerItemProxy section */
		2AE0DD772B70EFD400D2436C /* PBXContainerItemProxy */ = {
			isa = PBXContainerItemProxy;
			containerPortal = 2AE0DD5E2B70EFD300D2436C /* Project object */;
			proxyType = 1;
			remoteGlobalIDString = 2AE0DD652B70EFD300D2436C;
			remoteInfo = "mapkit-prac";
		};
		2AE0DD812B70EFD400D2436C /* PBXContainerItemProxy */ = {
			isa = PBXContainerItemProxy;
			containerPortal = 2AE0DD5E2B70EFD300D2436C /* Project object */;
			proxyType = 1;
			remoteGlobalIDString = 2AE0DD652B70EFD300D2436C;
			remoteInfo = "mapkit-prac";
		};
/* End PBXContainerItemProxy section */

/* Begin PBXFileReference section */
		2A1B9E952B725D560040DB7A /* GoogleService-Info.plist */ = {isa = PBXFileReference; fileEncoding = 4; lastKnownFileType = text.plist.xml; path = "GoogleService-Info.plist"; sourceTree = "<group>"; };
		2A1B9E9D2B72626D0040DB7A /* AuthViewModel.swift */ = {isa = PBXFileReference; lastKnownFileType = sourcecode.swift; path = AuthViewModel.swift; sourceTree = "<group>"; };
		2A1B9E9F2B7264110040DB7A /* SignInView.swift */ = {isa = PBXFileReference; lastKnownFileType = sourcecode.swift; path = SignInView.swift; sourceTree = "<group>"; };
		2A1B9EA12B7264220040DB7A /* SignUpView.swift */ = {isa = PBXFileReference; lastKnownFileType = sourcecode.swift; path = SignUpView.swift; sourceTree = "<group>"; };
		2A1B9EA32B7264A50040DB7A /* ResetPasswordView.swift */ = {isa = PBXFileReference; lastKnownFileType = sourcecode.swift; path = ResetPasswordView.swift; sourceTree = "<group>"; };
		2A1B9EA52B7264EB0040DB7A /* HelloView.swift */ = {isa = PBXFileReference; lastKnownFileType = sourcecode.swift; path = HelloView.swift; sourceTree = "<group>"; };
		2A620DAF2B739D8F00308D41 /* ARKit.framework */ = {isa = PBXFileReference; lastKnownFileType = wrapper.framework; name = ARKit.framework; path = System/Library/Frameworks/ARKit.framework; sourceTree = SDKROOT; };
		2A620DB12B739D9800308D41 /* CoreLocation.framework */ = {isa = PBXFileReference; lastKnownFileType = wrapper.framework; name = CoreLocation.framework; path = System/Library/Frameworks/CoreLocation.framework; sourceTree = SDKROOT; };
		2A620DB52B739E2F00308D41 /* ARView.swift */ = {isa = PBXFileReference; lastKnownFileType = sourcecode.swift; path = ARView.swift; sourceTree = "<group>"; };
		2A620DB72B73A8FC00308D41 /* FullScreenARView.swift */ = {isa = PBXFileReference; lastKnownFileType = sourcecode.swift; path = FullScreenARView.swift; sourceTree = "<group>"; };
		2A620DB92B73ABB500308D41 /* TextBoxViewModel.swift */ = {isa = PBXFileReference; lastKnownFileType = sourcecode.swift; path = TextBoxViewModel.swift; sourceTree = "<group>"; };
		2ABA8AA92B71E9B400981749 /* Second.swift */ = {isa = PBXFileReference; lastKnownFileType = sourcecode.swift; path = Second.swift; sourceTree = "<group>"; };
		2ABA8AAB2B71E9BA00981749 /* Third.swift */ = {isa = PBXFileReference; lastKnownFileType = sourcecode.swift; path = Third.swift; sourceTree = "<group>"; };
		2AD875AE2B71D3380092F094 /* TextBoxView.swift */ = {isa = PBXFileReference; lastKnownFileType = sourcecode.swift; path = TextBoxView.swift; sourceTree = "<group>"; };
		2AD875B02B71E3C80092F094 /* NavigationButtonView.swift */ = {isa = PBXFileReference; lastKnownFileType = sourcecode.swift; path = NavigationButtonView.swift; sourceTree = "<group>"; };
		2AD875B62B71E7070092F094 /* PostButtonView.swift */ = {isa = PBXFileReference; lastKnownFileType = sourcecode.swift; path = PostButtonView.swift; sourceTree = "<group>"; };
		2AE0DD662B70EFD300D2436C /* mapkit-prac.app */ = {isa = PBXFileReference; explicitFileType = wrapper.application; includeInIndex = 0; path = "mapkit-prac.app"; sourceTree = BUILT_PRODUCTS_DIR; };
		2AE0DD692B70EFD300D2436C /* mapkit_pracApp.swift */ = {isa = PBXFileReference; lastKnownFileType = sourcecode.swift; path = mapkit_pracApp.swift; sourceTree = "<group>"; };
		2AE0DD6B2B70EFD300D2436C /* ContentView.swift */ = {isa = PBXFileReference; lastKnownFileType = sourcecode.swift; path = ContentView.swift; sourceTree = "<group>"; };
		2AE0DD6D2B70EFD400D2436C /* Assets.xcassets */ = {isa = PBXFileReference; lastKnownFileType = folder.assetcatalog; path = Assets.xcassets; sourceTree = "<group>"; };
		2AE0DD702B70EFD400D2436C /* Preview Assets.xcassets */ = {isa = PBXFileReference; lastKnownFileType = folder.assetcatalog; path = "Preview Assets.xcassets"; sourceTree = "<group>"; };
		2AE0DD762B70EFD400D2436C /* mapkit-pracTests.xctest */ = {isa = PBXFileReference; explicitFileType = wrapper.cfbundle; includeInIndex = 0; path = "mapkit-pracTests.xctest"; sourceTree = BUILT_PRODUCTS_DIR; };
		2AE0DD7A2B70EFD400D2436C /* mapkit_pracTests.swift */ = {isa = PBXFileReference; lastKnownFileType = sourcecode.swift; path = mapkit_pracTests.swift; sourceTree = "<group>"; };
		2AE0DD802B70EFD400D2436C /* mapkit-pracUITests.xctest */ = {isa = PBXFileReference; explicitFileType = wrapper.cfbundle; includeInIndex = 0; path = "mapkit-pracUITests.xctest"; sourceTree = BUILT_PRODUCTS_DIR; };
		2AE0DD842B70EFD400D2436C /* mapkit_pracUITests.swift */ = {isa = PBXFileReference; lastKnownFileType = sourcecode.swift; path = mapkit_pracUITests.swift; sourceTree = "<group>"; };
		2AE0DD862B70EFD400D2436C /* mapkit_pracUITestsLaunchTests.swift */ = {isa = PBXFileReference; lastKnownFileType = sourcecode.swift; path = mapkit_pracUITestsLaunchTests.swift; sourceTree = "<group>"; };
		2AE0DD932B70EFFC00D2436C /* MapView.swift */ = {isa = PBXFileReference; lastKnownFileType = sourcecode.swift; path = MapView.swift; sourceTree = "<group>"; };
		2AE0DD952B70F00D00D2436C /* LocationManagerRepository.swift */ = {isa = PBXFileReference; lastKnownFileType = sourcecode.swift; path = LocationManagerRepository.swift; sourceTree = "<group>"; };
/* End PBXFileReference section */

/* Begin PBXFrameworksBuildPhase section */
		2AE0DD632B70EFD300D2436C /* Frameworks */ = {
			isa = PBXFrameworksBuildPhase;
			buildActionMask = 2147483647;
			files = (
				2A620DB22B739D9800308D41 /* CoreLocation.framework in Frameworks */,
				2A620DB02B739D8F00308D41 /* ARKit.framework in Frameworks */,
				2A1B9E992B72603A0040DB7A /* FirebaseAuth in Frameworks */,
			);
			runOnlyForDeploymentPostprocessing = 0;
		};
		2AE0DD732B70EFD400D2436C /* Frameworks */ = {
			isa = PBXFrameworksBuildPhase;
			buildActionMask = 2147483647;
			files = (
			);
			runOnlyForDeploymentPostprocessing = 0;
		};
		2AE0DD7D2B70EFD400D2436C /* Frameworks */ = {
			isa = PBXFrameworksBuildPhase;
			buildActionMask = 2147483647;
			files = (
			);
			runOnlyForDeploymentPostprocessing = 0;
		};
/* End PBXFrameworksBuildPhase section */

/* Begin PBXGroup section */
		2A1B9E9C2B7261600040DB7A /* ViewModel */ = {
			isa = PBXGroup;
			children = (
				2A1B9E9D2B72626D0040DB7A /* AuthViewModel.swift */,
			);
			path = ViewModel;
			sourceTree = "<group>";
		};
		2A20FFB22B71258C0090D524 /* Model */ = {
			isa = PBXGroup;
			children = (
			);
			path = Model;
			sourceTree = "<group>";
		};
		2A620DAE2B739D8F00308D41 /* Frameworks */ = {
			isa = PBXGroup;
			children = (
				2A620DB12B739D9800308D41 /* CoreLocation.framework */,
				2A620DAF2B739D8F00308D41 /* ARKit.framework */,
			);
			name = Frameworks;
			sourceTree = "<group>";
		};
		2A620DB32B739DC800308D41 /* Repository */ = {
			isa = PBXGroup;
			children = (
				2AE0DD952B70F00D00D2436C /* LocationManagerRepository.swift */,
			);
			path = Repository;
			sourceTree = "<group>";
		};
		2A620DB42B739E2100308D41 /* AR */ = {
			isa = PBXGroup;
			children = (
				2A620DB52B739E2F00308D41 /* ARView.swift */,
				2A620DB72B73A8FC00308D41 /* FullScreenARView.swift */,
			);
			path = AR;
			sourceTree = "<group>";
		};
		2AD875B22B71E4EA0092F094 /* Views */ = {
			isa = PBXGroup;
			children = (
				2A620DB42B739E2100308D41 /* AR */,
				2AD875B52B71E6F00092F094 /* PostButton */,
				2AD875AE2B71D3380092F094 /* TextBoxView.swift */,
				2A620DB92B73ABB500308D41 /* TextBoxViewModel.swift */,
				2AD875B42B71E59B0092F094 /* NavigationButton */,
				2AD875B32B71E58F0092F094 /* Map */,
				2A1B9E9F2B7264110040DB7A /* SignInView.swift */,
				2A1B9EA32B7264A50040DB7A /* ResetPasswordView.swift */,
				2A1B9EA12B7264220040DB7A /* SignUpView.swift */,
				2A1B9EA52B7264EB0040DB7A /* HelloView.swift */,
			);
			path = Views;
			sourceTree = "<group>";
		};
		2AD875B32B71E58F0092F094 /* Map */ = {
			isa = PBXGroup;
			children = (
				2AE0DD932B70EFFC00D2436C /* MapView.swift */,
			);
			path = Map;
			sourceTree = "<group>";
		};
		2AD875B42B71E59B0092F094 /* NavigationButton */ = {
			isa = PBXGroup;
			children = (
				2AD875B02B71E3C80092F094 /* NavigationButtonView.swift */,
				2ABA8AA92B71E9B400981749 /* Second.swift */,
				2ABA8AAB2B71E9BA00981749 /* Third.swift */,
			);
			path = NavigationButton;
			sourceTree = "<group>";
		};
		2AD875B52B71E6F00092F094 /* PostButton */ = {
			isa = PBXGroup;
			children = (
				2AD875B62B71E7070092F094 /* PostButtonView.swift */,
			);
			path = PostButton;
			sourceTree = "<group>";
		};
		2AE0DD5D2B70EFD300D2436C = {
			isa = PBXGroup;
			children = (
				2AE0DD682B70EFD300D2436C /* mapkit-prac */,
				2AE0DD792B70EFD400D2436C /* mapkit-pracTests */,
				2AE0DD832B70EFD400D2436C /* mapkit-pracUITests */,
				2AE0DD672B70EFD300D2436C /* Products */,
				2A620DAE2B739D8F00308D41 /* Frameworks */,
			);
			sourceTree = "<group>";
		};
		2AE0DD672B70EFD300D2436C /* Products */ = {
			isa = PBXGroup;
			children = (
				2AE0DD662B70EFD300D2436C /* mapkit-prac.app */,
				2AE0DD762B70EFD400D2436C /* mapkit-pracTests.xctest */,
				2AE0DD802B70EFD400D2436C /* mapkit-pracUITests.xctest */,
			);
			name = Products;
			sourceTree = "<group>";
		};
		2AE0DD682B70EFD300D2436C /* mapkit-prac */ = {
			isa = PBXGroup;
			children = (
				2A620DB32B739DC800308D41 /* Repository */,
				2A1B9E9C2B7261600040DB7A /* ViewModel */,
				2AD875B22B71E4EA0092F094 /* Views */,
				2A20FFB22B71258C0090D524 /* Model */,
				2AE0DD692B70EFD300D2436C /* mapkit_pracApp.swift */,
				2AE0DD6B2B70EFD300D2436C /* ContentView.swift */,
				2AE0DD6D2B70EFD400D2436C /* Assets.xcassets */,
				2A1B9E952B725D560040DB7A /* GoogleService-Info.plist */,
				2AE0DD6F2B70EFD400D2436C /* Preview Content */,
			);
			path = "mapkit-prac";
			sourceTree = "<group>";
		};
		2AE0DD6F2B70EFD400D2436C /* Preview Content */ = {
			isa = PBXGroup;
			children = (
				2AE0DD702B70EFD400D2436C /* Preview Assets.xcassets */,
			);
			path = "Preview Content";
			sourceTree = "<group>";
		};
		2AE0DD792B70EFD400D2436C /* mapkit-pracTests */ = {
			isa = PBXGroup;
			children = (
				2AE0DD7A2B70EFD400D2436C /* mapkit_pracTests.swift */,
			);
			path = "mapkit-pracTests";
			sourceTree = "<group>";
		};
		2AE0DD832B70EFD400D2436C /* mapkit-pracUITests */ = {
			isa = PBXGroup;
			children = (
				2AE0DD842B70EFD400D2436C /* mapkit_pracUITests.swift */,
				2AE0DD862B70EFD400D2436C /* mapkit_pracUITestsLaunchTests.swift */,
			);
			path = "mapkit-pracUITests";
			sourceTree = "<group>";
		};
/* End PBXGroup section */

/* Begin PBXNativeTarget section */
		2AE0DD652B70EFD300D2436C /* mapkit-prac */ = {
			isa = PBXNativeTarget;
			buildConfigurationList = 2AE0DD8A2B70EFD400D2436C /* Build configuration list for PBXNativeTarget "mapkit-prac" */;
			buildPhases = (
				2AE0DD622B70EFD300D2436C /* Sources */,
				2AE0DD632B70EFD300D2436C /* Frameworks */,
				2AE0DD642B70EFD300D2436C /* Resources */,
			);
			buildRules = (
			);
			dependencies = (
			);
			name = "mapkit-prac";
			packageProductDependencies = (
				2A1B9E982B72603A0040DB7A /* FirebaseAuth */,
			);
			productName = "mapkit-prac";
			productReference = 2AE0DD662B70EFD300D2436C /* mapkit-prac.app */;
			productType = "com.apple.product-type.application";
		};
		2AE0DD752B70EFD400D2436C /* mapkit-pracTests */ = {
			isa = PBXNativeTarget;
			buildConfigurationList = 2AE0DD8D2B70EFD400D2436C /* Build configuration list for PBXNativeTarget "mapkit-pracTests" */;
			buildPhases = (
				2AE0DD722B70EFD400D2436C /* Sources */,
				2AE0DD732B70EFD400D2436C /* Frameworks */,
				2AE0DD742B70EFD400D2436C /* Resources */,
			);
			buildRules = (
			);
			dependencies = (
				2AE0DD782B70EFD400D2436C /* PBXTargetDependency */,
			);
			name = "mapkit-pracTests";
			productName = "mapkit-pracTests";
			productReference = 2AE0DD762B70EFD400D2436C /* mapkit-pracTests.xctest */;
			productType = "com.apple.product-type.bundle.unit-test";
		};
		2AE0DD7F2B70EFD400D2436C /* mapkit-pracUITests */ = {
			isa = PBXNativeTarget;
			buildConfigurationList = 2AE0DD902B70EFD400D2436C /* Build configuration list for PBXNativeTarget "mapkit-pracUITests" */;
			buildPhases = (
				2AE0DD7C2B70EFD400D2436C /* Sources */,
				2AE0DD7D2B70EFD400D2436C /* Frameworks */,
				2AE0DD7E2B70EFD400D2436C /* Resources */,
			);
			buildRules = (
			);
			dependencies = (
				2AE0DD822B70EFD400D2436C /* PBXTargetDependency */,
			);
			name = "mapkit-pracUITests";
			productName = "mapkit-pracUITests";
			productReference = 2AE0DD802B70EFD400D2436C /* mapkit-pracUITests.xctest */;
			productType = "com.apple.product-type.bundle.ui-testing";
		};
/* End PBXNativeTarget section */

/* Begin PBXProject section */
		2AE0DD5E2B70EFD300D2436C /* Project object */ = {
			isa = PBXProject;
			attributes = {
				BuildIndependentTargetsInParallel = 1;
				LastSwiftUpdateCheck = 1520;
				LastUpgradeCheck = 1520;
				TargetAttributes = {
					2AE0DD652B70EFD300D2436C = {
						CreatedOnToolsVersion = 15.2;
					};
					2AE0DD752B70EFD400D2436C = {
						CreatedOnToolsVersion = 15.2;
						TestTargetID = 2AE0DD652B70EFD300D2436C;
					};
					2AE0DD7F2B70EFD400D2436C = {
						CreatedOnToolsVersion = 15.2;
						TestTargetID = 2AE0DD652B70EFD300D2436C;
					};
				};
			};
			buildConfigurationList = 2AE0DD612B70EFD300D2436C /* Build configuration list for PBXProject "mapkit-prac" */;
			compatibilityVersion = "Xcode 14.0";
			developmentRegion = en;
			hasScannedForEncodings = 0;
			knownRegions = (
				en,
				Base,
			);
			mainGroup = 2AE0DD5D2B70EFD300D2436C;
			packageReferences = (
				2A1B9E972B72603A0040DB7A /* XCRemoteSwiftPackageReference "firebase-ios-sdk" */,
			);
			productRefGroup = 2AE0DD672B70EFD300D2436C /* Products */;
			projectDirPath = "";
			projectRoot = "";
			targets = (
				2AE0DD652B70EFD300D2436C /* mapkit-prac */,
				2AE0DD752B70EFD400D2436C /* mapkit-pracTests */,
				2AE0DD7F2B70EFD400D2436C /* mapkit-pracUITests */,
			);
		};
/* End PBXProject section */

/* Begin PBXResourcesBuildPhase section */
		2AE0DD642B70EFD300D2436C /* Resources */ = {
			isa = PBXResourcesBuildPhase;
			buildActionMask = 2147483647;
			files = (
				2AE0DD712B70EFD400D2436C /* Preview Assets.xcassets in Resources */,
				2AE0DD6E2B70EFD400D2436C /* Assets.xcassets in Resources */,
				2A1B9E962B725D560040DB7A /* GoogleService-Info.plist in Resources */,
			);
			runOnlyForDeploymentPostprocessing = 0;
		};
		2AE0DD742B70EFD400D2436C /* Resources */ = {
			isa = PBXResourcesBuildPhase;
			buildActionMask = 2147483647;
			files = (
			);
			runOnlyForDeploymentPostprocessing = 0;
		};
		2AE0DD7E2B70EFD400D2436C /* Resources */ = {
			isa = PBXResourcesBuildPhase;
			buildActionMask = 2147483647;
			files = (
			);
			runOnlyForDeploymentPostprocessing = 0;
		};
/* End PBXResourcesBuildPhase section */

/* Begin PBXSourcesBuildPhase section */
		2AE0DD622B70EFD300D2436C /* Sources */ = {
			isa = PBXSourcesBuildPhase;
			buildActionMask = 2147483647;
			files = (
				2AE0DD962B70F00D00D2436C /* LocationManagerRepository.swift in Sources */,
				2AE0DD6C2B70EFD300D2436C /* ContentView.swift in Sources */,
				2AE0DD942B70EFFC00D2436C /* MapView.swift in Sources */,
				2AE0DD6A2B70EFD300D2436C /* mapkit_pracApp.swift in Sources */,
				2AD875B12B71E3C80092F094 /* NavigationButtonView.swift in Sources */,
				2A620DB62B739E2F00308D41 /* ARView.swift in Sources */,
				2ABA8AAC2B71E9BA00981749 /* Third.swift in Sources */,
				2ABA8AAA2B71E9B400981749 /* Second.swift in Sources */,
				2A1B9E9E2B72626D0040DB7A /* AuthViewModel.swift in Sources */,
				2A1B9EA62B7264EB0040DB7A /* HelloView.swift in Sources */,
				2AD875AF2B71D3380092F094 /* TextBoxView.swift in Sources */,
				2A620DBA2B73ABB500308D41 /* TextBoxViewModel.swift in Sources */,
				2A1B9EA22B7264220040DB7A /* SignUpView.swift in Sources */,
				2A1B9EA42B7264A50040DB7A /* ResetPasswordView.swift in Sources */,
				2AD875B72B71E7070092F094 /* PostButtonView.swift in Sources */,
				2A620DB82B73A8FC00308D41 /* FullScreenARView.swift in Sources */,
				2A1B9EA02B7264110040DB7A /* SignInView.swift in Sources */,
			);
			runOnlyForDeploymentPostprocessing = 0;
		};
		2AE0DD722B70EFD400D2436C /* Sources */ = {
			isa = PBXSourcesBuildPhase;
			buildActionMask = 2147483647;
			files = (
				2AE0DD7B2B70EFD400D2436C /* mapkit_pracTests.swift in Sources */,
			);
			runOnlyForDeploymentPostprocessing = 0;
		};
		2AE0DD7C2B70EFD400D2436C /* Sources */ = {
			isa = PBXSourcesBuildPhase;
			buildActionMask = 2147483647;
			files = (
				2AE0DD872B70EFD400D2436C /* mapkit_pracUITestsLaunchTests.swift in Sources */,
				2AE0DD852B70EFD400D2436C /* mapkit_pracUITests.swift in Sources */,
			);
			runOnlyForDeploymentPostprocessing = 0;
		};
/* End PBXSourcesBuildPhase section */

/* Begin PBXTargetDependency section */
		2AE0DD782B70EFD400D2436C /* PBXTargetDependency */ = {
			isa = PBXTargetDependency;
			target = 2AE0DD652B70EFD300D2436C /* mapkit-prac */;
			targetProxy = 2AE0DD772B70EFD400D2436C /* PBXContainerItemProxy */;
		};
		2AE0DD822B70EFD400D2436C /* PBXTargetDependency */ = {
			isa = PBXTargetDependency;
			target = 2AE0DD652B70EFD300D2436C /* mapkit-prac */;
			targetProxy = 2AE0DD812B70EFD400D2436C /* PBXContainerItemProxy */;
		};
/* End PBXTargetDependency section */

/* Begin XCBuildConfiguration section */
		2AE0DD882B70EFD400D2436C /* Debug */ = {
			isa = XCBuildConfiguration;
			buildSettings = {
				ALWAYS_SEARCH_USER_PATHS = NO;
				ASSETCATALOG_COMPILER_GENERATE_SWIFT_ASSET_SYMBOL_EXTENSIONS = YES;
				CLANG_ANALYZER_NONNULL = YES;
				CLANG_ANALYZER_NUMBER_OBJECT_CONVERSION = YES_AGGRESSIVE;
				CLANG_CXX_LANGUAGE_STANDARD = "gnu++20";
				CLANG_ENABLE_MODULES = YES;
				CLANG_ENABLE_OBJC_ARC = YES;
				CLANG_ENABLE_OBJC_WEAK = YES;
				CLANG_WARN_BLOCK_CAPTURE_AUTORELEASING = YES;
				CLANG_WARN_BOOL_CONVERSION = YES;
				CLANG_WARN_COMMA = YES;
				CLANG_WARN_CONSTANT_CONVERSION = YES;
				CLANG_WARN_DEPRECATED_OBJC_IMPLEMENTATIONS = YES;
				CLANG_WARN_DIRECT_OBJC_ISA_USAGE = YES_ERROR;
				CLANG_WARN_DOCUMENTATION_COMMENTS = YES;
				CLANG_WARN_EMPTY_BODY = YES;
				CLANG_WARN_ENUM_CONVERSION = YES;
				CLANG_WARN_INFINITE_RECURSION = YES;
				CLANG_WARN_INT_CONVERSION = YES;
				CLANG_WARN_NON_LITERAL_NULL_CONVERSION = YES;
				CLANG_WARN_OBJC_IMPLICIT_RETAIN_SELF = YES;
				CLANG_WARN_OBJC_LITERAL_CONVERSION = YES;
				CLANG_WARN_OBJC_ROOT_CLASS = YES_ERROR;
				CLANG_WARN_QUOTED_INCLUDE_IN_FRAMEWORK_HEADER = YES;
				CLANG_WARN_RANGE_LOOP_ANALYSIS = YES;
				CLANG_WARN_STRICT_PROTOTYPES = YES;
				CLANG_WARN_SUSPICIOUS_MOVE = YES;
				CLANG_WARN_UNGUARDED_AVAILABILITY = YES_AGGRESSIVE;
				CLANG_WARN_UNREACHABLE_CODE = YES;
				CLANG_WARN__DUPLICATE_METHOD_MATCH = YES;
				COPY_PHASE_STRIP = NO;
				DEBUG_INFORMATION_FORMAT = dwarf;
				ENABLE_STRICT_OBJC_MSGSEND = YES;
				ENABLE_TESTABILITY = YES;
				ENABLE_USER_SCRIPT_SANDBOXING = YES;
				GCC_C_LANGUAGE_STANDARD = gnu17;
				GCC_DYNAMIC_NO_PIC = NO;
				GCC_NO_COMMON_BLOCKS = YES;
				GCC_OPTIMIZATION_LEVEL = 0;
				GCC_PREPROCESSOR_DEFINITIONS = (
					"DEBUG=1",
					"$(inherited)",
				);
				GCC_WARN_64_TO_32_BIT_CONVERSION = YES;
				GCC_WARN_ABOUT_RETURN_TYPE = YES_ERROR;
				GCC_WARN_UNDECLARED_SELECTOR = YES;
				GCC_WARN_UNINITIALIZED_AUTOS = YES_AGGRESSIVE;
				GCC_WARN_UNUSED_FUNCTION = YES;
				GCC_WARN_UNUSED_VARIABLE = YES;
				IPHONEOS_DEPLOYMENT_TARGET = 17.2;
				LOCALIZATION_PREFERS_STRING_CATALOGS = YES;
				MTL_ENABLE_DEBUG_INFO = INCLUDE_SOURCE;
				MTL_FAST_MATH = YES;
				ONLY_ACTIVE_ARCH = YES;
				SDKROOT = iphoneos;
				SWIFT_ACTIVE_COMPILATION_CONDITIONS = "DEBUG $(inherited)";
				SWIFT_OPTIMIZATION_LEVEL = "-Onone";
			};
			name = Debug;
		};
		2AE0DD892B70EFD400D2436C /* Release */ = {
			isa = XCBuildConfiguration;
			buildSettings = {
				ALWAYS_SEARCH_USER_PATHS = NO;
				ASSETCATALOG_COMPILER_GENERATE_SWIFT_ASSET_SYMBOL_EXTENSIONS = YES;
				CLANG_ANALYZER_NONNULL = YES;
				CLANG_ANALYZER_NUMBER_OBJECT_CONVERSION = YES_AGGRESSIVE;
				CLANG_CXX_LANGUAGE_STANDARD = "gnu++20";
				CLANG_ENABLE_MODULES = YES;
				CLANG_ENABLE_OBJC_ARC = YES;
				CLANG_ENABLE_OBJC_WEAK = YES;
				CLANG_WARN_BLOCK_CAPTURE_AUTORELEASING = YES;
				CLANG_WARN_BOOL_CONVERSION = YES;
				CLANG_WARN_COMMA = YES;
				CLANG_WARN_CONSTANT_CONVERSION = YES;
				CLANG_WARN_DEPRECATED_OBJC_IMPLEMENTATIONS = YES;
				CLANG_WARN_DIRECT_OBJC_ISA_USAGE = YES_ERROR;
				CLANG_WARN_DOCUMENTATION_COMMENTS = YES;
				CLANG_WARN_EMPTY_BODY = YES;
				CLANG_WARN_ENUM_CONVERSION = YES;
				CLANG_WARN_INFINITE_RECURSION = YES;
				CLANG_WARN_INT_CONVERSION = YES;
				CLANG_WARN_NON_LITERAL_NULL_CONVERSION = YES;
				CLANG_WARN_OBJC_IMPLICIT_RETAIN_SELF = YES;
				CLANG_WARN_OBJC_LITERAL_CONVERSION = YES;
				CLANG_WARN_OBJC_ROOT_CLASS = YES_ERROR;
				CLANG_WARN_QUOTED_INCLUDE_IN_FRAMEWORK_HEADER = YES;
				CLANG_WARN_RANGE_LOOP_ANALYSIS = YES;
				CLANG_WARN_STRICT_PROTOTYPES = YES;
				CLANG_WARN_SUSPICIOUS_MOVE = YES;
				CLANG_WARN_UNGUARDED_AVAILABILITY = YES_AGGRESSIVE;
				CLANG_WARN_UNREACHABLE_CODE = YES;
				CLANG_WARN__DUPLICATE_METHOD_MATCH = YES;
				COPY_PHASE_STRIP = NO;
				DEBUG_INFORMATION_FORMAT = "dwarf-with-dsym";
				ENABLE_NS_ASSERTIONS = NO;
				ENABLE_STRICT_OBJC_MSGSEND = YES;
				ENABLE_USER_SCRIPT_SANDBOXING = YES;
				GCC_C_LANGUAGE_STANDARD = gnu17;
				GCC_NO_COMMON_BLOCKS = YES;
				GCC_WARN_64_TO_32_BIT_CONVERSION = YES;
				GCC_WARN_ABOUT_RETURN_TYPE = YES_ERROR;
				GCC_WARN_UNDECLARED_SELECTOR = YES;
				GCC_WARN_UNINITIALIZED_AUTOS = YES_AGGRESSIVE;
				GCC_WARN_UNUSED_FUNCTION = YES;
				GCC_WARN_UNUSED_VARIABLE = YES;
				IPHONEOS_DEPLOYMENT_TARGET = 17.2;
				LOCALIZATION_PREFERS_STRING_CATALOGS = YES;
				MTL_ENABLE_DEBUG_INFO = NO;
				MTL_FAST_MATH = YES;
				SDKROOT = iphoneos;
				SWIFT_COMPILATION_MODE = wholemodule;
				VALIDATE_PRODUCT = YES;
			};
			name = Release;
		};
		2AE0DD8B2B70EFD400D2436C /* Debug */ = {
			isa = XCBuildConfiguration;
			buildSettings = {
				ASSETCATALOG_COMPILER_APPICON_NAME = AppIcon;
				ASSETCATALOG_COMPILER_GLOBAL_ACCENT_COLOR_NAME = AccentColor;
				CODE_SIGN_STYLE = Automatic;
				CURRENT_PROJECT_VERSION = 1;
				DEVELOPMENT_ASSET_PATHS = "\"mapkit-prac/Preview Content\"";
				DEVELOPMENT_TEAM = AQATLL3RW3;
				ENABLE_PREVIEWS = YES;
				GENERATE_INFOPLIST_FILE = YES;
				INFOPLIST_KEY_LSApplicationCategoryType = "";
				INFOPLIST_KEY_NSCameraUsageDescription = "AR機能を用いるために使用します";
				INFOPLIST_KEY_NSLocationWhenInUseUsageDescription = "投稿した場所を共有するために使用します。";
				INFOPLIST_KEY_UIApplicationSceneManifest_Generation = YES;
				INFOPLIST_KEY_UIApplicationSupportsIndirectInputEvents = YES;
				INFOPLIST_KEY_UILaunchScreen_Generation = YES;
				INFOPLIST_KEY_UISupportedInterfaceOrientations_iPad = "UIInterfaceOrientationPortrait UIInterfaceOrientationPortraitUpsideDown UIInterfaceOrientationLandscapeLeft UIInterfaceOrientationLandscapeRight";
				INFOPLIST_KEY_UISupportedInterfaceOrientations_iPhone = "UIInterfaceOrientationPortrait UIInterfaceOrientationLandscapeLeft UIInterfaceOrientationLandscapeRight";
				LD_RUNPATH_SEARCH_PATHS = (
					"$(inherited)",
					"@executable_path/Frameworks",
				);
				MARKETING_VERSION = 1.0;
				PRODUCT_BUNDLE_IDENTIFIER = "com.hotaka.mapkit-prac";
				PRODUCT_NAME = "$(TARGET_NAME)";
				SWIFT_EMIT_LOC_STRINGS = YES;
				SWIFT_VERSION = 5.0;
				TARGETED_DEVICE_FAMILY = "1,2";
			};
			name = Debug;
		};
		2AE0DD8C2B70EFD400D2436C /* Release */ = {
			isa = XCBuildConfiguration;
			buildSettings = {
				ASSETCATALOG_COMPILER_APPICON_NAME = AppIcon;
				ASSETCATALOG_COMPILER_GLOBAL_ACCENT_COLOR_NAME = AccentColor;
				CODE_SIGN_STYLE = Automatic;
				CURRENT_PROJECT_VERSION = 1;
				DEVELOPMENT_ASSET_PATHS = "\"mapkit-prac/Preview Content\"";
				DEVELOPMENT_TEAM = AQATLL3RW3;
				ENABLE_PREVIEWS = YES;
				GENERATE_INFOPLIST_FILE = YES;
				INFOPLIST_KEY_LSApplicationCategoryType = "";
				INFOPLIST_KEY_NSCameraUsageDescription = "AR機能を用いるために使用します";
				INFOPLIST_KEY_NSLocationWhenInUseUsageDescription = "投稿した場所を共有するために使用します。";
				INFOPLIST_KEY_UIApplicationSceneManifest_Generation = YES;
				INFOPLIST_KEY_UIApplicationSupportsIndirectInputEvents = YES;
				INFOPLIST_KEY_UILaunchScreen_Generation = YES;
				INFOPLIST_KEY_UISupportedInterfaceOrientations_iPad = "UIInterfaceOrientationPortrait UIInterfaceOrientationPortraitUpsideDown UIInterfaceOrientationLandscapeLeft UIInterfaceOrientationLandscapeRight";
				INFOPLIST_KEY_UISupportedInterfaceOrientations_iPhone = "UIInterfaceOrientationPortrait UIInterfaceOrientationLandscapeLeft UIInterfaceOrientationLandscapeRight";
				LD_RUNPATH_SEARCH_PATHS = (
					"$(inherited)",
					"@executable_path/Frameworks",
				);
				MARKETING_VERSION = 1.0;
				PRODUCT_BUNDLE_IDENTIFIER = "com.hotaka.mapkit-prac";
				PRODUCT_NAME = "$(TARGET_NAME)";
				SWIFT_EMIT_LOC_STRINGS = YES;
				SWIFT_VERSION = 5.0;
				TARGETED_DEVICE_FAMILY = "1,2";
			};
			name = Release;
		};
		2AE0DD8E2B70EFD400D2436C /* Debug */ = {
			isa = XCBuildConfiguration;
			buildSettings = {
				ALWAYS_EMBED_SWIFT_STANDARD_LIBRARIES = YES;
				BUNDLE_LOADER = "$(TEST_HOST)";
				CODE_SIGN_STYLE = Automatic;
				CURRENT_PROJECT_VERSION = 1;
				DEVELOPMENT_TEAM = AQATLL3RW3;
				GENERATE_INFOPLIST_FILE = YES;
				IPHONEOS_DEPLOYMENT_TARGET = 17.2;
				MARKETING_VERSION = 1.0;
				PRODUCT_BUNDLE_IDENTIFIER = "com.hotaka.mapkit-pracTests";
				PRODUCT_NAME = "$(TARGET_NAME)";
				SWIFT_EMIT_LOC_STRINGS = NO;
				SWIFT_VERSION = 5.0;
				TARGETED_DEVICE_FAMILY = "1,2";
				TEST_HOST = "$(BUILT_PRODUCTS_DIR)/mapkit-prac.app/$(BUNDLE_EXECUTABLE_FOLDER_PATH)/mapkit-prac";
			};
			name = Debug;
		};
		2AE0DD8F2B70EFD400D2436C /* Release */ = {
			isa = XCBuildConfiguration;
			buildSettings = {
				ALWAYS_EMBED_SWIFT_STANDARD_LIBRARIES = YES;
				BUNDLE_LOADER = "$(TEST_HOST)";
				CODE_SIGN_STYLE = Automatic;
				CURRENT_PROJECT_VERSION = 1;
				DEVELOPMENT_TEAM = AQATLL3RW3;
				GENERATE_INFOPLIST_FILE = YES;
				IPHONEOS_DEPLOYMENT_TARGET = 17.2;
				MARKETING_VERSION = 1.0;
				PRODUCT_BUNDLE_IDENTIFIER = "com.hotaka.mapkit-pracTests";
				PRODUCT_NAME = "$(TARGET_NAME)";
				SWIFT_EMIT_LOC_STRINGS = NO;
				SWIFT_VERSION = 5.0;
				TARGETED_DEVICE_FAMILY = "1,2";
				TEST_HOST = "$(BUILT_PRODUCTS_DIR)/mapkit-prac.app/$(BUNDLE_EXECUTABLE_FOLDER_PATH)/mapkit-prac";
			};
			name = Release;
		};
		2AE0DD912B70EFD400D2436C /* Debug */ = {
			isa = XCBuildConfiguration;
			buildSettings = {
				ALWAYS_EMBED_SWIFT_STANDARD_LIBRARIES = YES;
				CODE_SIGN_STYLE = Automatic;
				CURRENT_PROJECT_VERSION = 1;
				DEVELOPMENT_TEAM = AQATLL3RW3;
				GENERATE_INFOPLIST_FILE = YES;
				MARKETING_VERSION = 1.0;
				PRODUCT_BUNDLE_IDENTIFIER = "com.hotaka.mapkit-pracUITests";
				PRODUCT_NAME = "$(TARGET_NAME)";
				SWIFT_EMIT_LOC_STRINGS = NO;
				SWIFT_VERSION = 5.0;
				TARGETED_DEVICE_FAMILY = "1,2";
				TEST_TARGET_NAME = "mapkit-prac";
			};
			name = Debug;
		};
		2AE0DD922B70EFD400D2436C /* Release */ = {
			isa = XCBuildConfiguration;
			buildSettings = {
				ALWAYS_EMBED_SWIFT_STANDARD_LIBRARIES = YES;
				CODE_SIGN_STYLE = Automatic;
				CURRENT_PROJECT_VERSION = 1;
				DEVELOPMENT_TEAM = AQATLL3RW3;
				GENERATE_INFOPLIST_FILE = YES;
				MARKETING_VERSION = 1.0;
				PRODUCT_BUNDLE_IDENTIFIER = "com.hotaka.mapkit-pracUITests";
				PRODUCT_NAME = "$(TARGET_NAME)";
				SWIFT_EMIT_LOC_STRINGS = NO;
				SWIFT_VERSION = 5.0;
				TARGETED_DEVICE_FAMILY = "1,2";
				TEST_TARGET_NAME = "mapkit-prac";
			};
			name = Release;
		};
/* End XCBuildConfiguration section */

/* Begin XCConfigurationList section */
		2AE0DD612B70EFD300D2436C /* Build configuration list for PBXProject "mapkit-prac" */ = {
			isa = XCConfigurationList;
			buildConfigurations = (
				2AE0DD882B70EFD400D2436C /* Debug */,
				2AE0DD892B70EFD400D2436C /* Release */,
			);
			defaultConfigurationIsVisible = 0;
			defaultConfigurationName = Release;
		};
		2AE0DD8A2B70EFD400D2436C /* Build configuration list for PBXNativeTarget "mapkit-prac" */ = {
			isa = XCConfigurationList;
			buildConfigurations = (
				2AE0DD8B2B70EFD400D2436C /* Debug */,
				2AE0DD8C2B70EFD400D2436C /* Release */,
			);
			defaultConfigurationIsVisible = 0;
			defaultConfigurationName = Release;
		};
		2AE0DD8D2B70EFD400D2436C /* Build configuration list for PBXNativeTarget "mapkit-pracTests" */ = {
			isa = XCConfigurationList;
			buildConfigurations = (
				2AE0DD8E2B70EFD400D2436C /* Debug */,
				2AE0DD8F2B70EFD400D2436C /* Release */,
			);
			defaultConfigurationIsVisible = 0;
			defaultConfigurationName = Release;
		};
		2AE0DD902B70EFD400D2436C /* Build configuration list for PBXNativeTarget "mapkit-pracUITests" */ = {
			isa = XCConfigurationList;
			buildConfigurations = (
				2AE0DD912B70EFD400D2436C /* Debug */,
				2AE0DD922B70EFD400D2436C /* Release */,
			);
			defaultConfigurationIsVisible = 0;
			defaultConfigurationName = Release;
		};
/* End XCConfigurationList section */

/* Begin XCRemoteSwiftPackageReference section */
		2A1B9E972B72603A0040DB7A /* XCRemoteSwiftPackageReference "firebase-ios-sdk" */ = {
			isa = XCRemoteSwiftPackageReference;
			repositoryURL = "https://github.com/firebase/firebase-ios-sdk";
			requirement = {
				kind = upToNextMajorVersion;
				minimumVersion = 10.20.0;
			};
		};
/* End XCRemoteSwiftPackageReference section */

/* Begin XCSwiftPackageProductDependency section */
		2A1B9E982B72603A0040DB7A /* FirebaseAuth */ = {
			isa = XCSwiftPackageProductDependency;
			package = 2A1B9E972B72603A0040DB7A /* XCRemoteSwiftPackageReference "firebase-ios-sdk" */;
			productName = FirebaseAuth;
		};
/* End XCSwiftPackageProductDependency section */
	};
	rootObject = 2AE0DD5E2B70EFD300D2436C /* Project object */;
}
