// !$*UTF8*$!
{
	archiveVersion = 1;
	classes = {
	};
	objectVersion = 56;
	objects = {

/* Begin PBXBuildFile section */
		2AE0DD6A2B70EFD300D2436C /* mapkit_pracApp.swift in Sources */ = {isa = PBXBuildFile; fileRef = 2AE0DD692B70EFD300D2436C /* mapkit_pracApp.swift */; };
		2AE0DD6C2B70EFD300D2436C /* ContentView.swift in Sources */ = {isa = PBXBuildFile; fileRef = 2AE0DD6B2B70EFD300D2436C /* ContentView.swift */; };
		2AE0DD6E2B70EFD400D2436C /* Assets.xcassets in Resources */ = {isa = PBXBuildFile; fileRef = 2AE0DD6D2B70EFD400D2436C /* Assets.xcassets */; };
		2AE0DD712B70EFD400D2436C /* Preview Assets.xcassets in Resources */ = {isa = PBXBuildFile; fileRef = 2AE0DD702B70EFD400D2436C /* Preview Assets.xcassets */; };
		2AE0DD7B2B70EFD400D2436C /* mapkit_pracTests.swift in Sources */ = {isa = PBXBuildFile; fileRef = 2AE0DD7A2B70EFD400D2436C /* mapkit_pracTests.swift */; };
		2AE0DD852B70EFD400D2436C /* mapkit_pracUITests.swift in Sources */ = {isa = PBXBuildFile; fileRef = 2AE0DD842B70EFD400D2436C /* mapkit_pracUITests.swift */; };
		2AE0DD872B70EFD400D2436C /* mapkit_pracUITestsLaunchTests.swift in Sources */ = {isa = PBXBuildFile; fileRef = 2AE0DD862B70EFD400D2436C /* mapkit_pracUITestsLaunchTests.swift */; };
		2AE0DD942B70EFFC00D2436C /* MapView.swift in Sources */ = {isa = PBXBuildFile; fileRef = 2AE0DD932B70EFFC00D2436C /* MapView.swift */; };
		2AE0DD962B70F00D00D2436C /* LocationManager.swift in Sources */ = {isa = PBXBuildFile; fileRef = 2AE0DD952B70F00D00D2436C /* LocationManager.swift */; };
/* End PBXBuildFile section */

/* Begin PBXContainerItemProxy section */
		2AE0DD772B70EFD400D2436C /* PBXContainerItemProxy */ = {
			isa = PBXContainerItemProxy;
			containerPortal = 2AE0DD5E2B70EFD300D2436C /* Project object */;
			proxyType = 1;
			remoteGlobalIDString = 2AE0DD652B70EFD300D2436C;
			remoteInfo = "mapkit-prac";
		};
		2AE0DD812B70EFD400D2436C /* PBXContainerItemProxy */ = {
			isa = PBXContainerItemProxy;
			containerPortal = 2AE0DD5E2B70EFD300D2436C /* Project object */;
			proxyType = 1;
			remoteGlobalIDString = 2AE0DD652B70EFD300D2436C;
			remoteInfo = "mapkit-prac";
		};
/* End PBXContainerItemProxy section */

/* Begin PBXFileReference section */
		2AE0DD662B70EFD300D2436C /* mapkit-prac.app */ = {isa = PBXFileReference; explicitFileType = wrapper.application; includeInIndex = 0; path = "mapkit-prac.app"; sourceTree = BUILT_PRODUCTS_DIR; };
		2AE0DD692B70EFD300D2436C /* mapkit_pracApp.swift */ = {isa = PBXFileReference; lastKnownFileType = sourcecode.swift; path = mapkit_pracApp.swift; sourceTree = "<group>"; };
		2AE0DD6B2B70EFD300D2436C /* ContentView.swift */ = {isa = PBXFileReference; lastKnownFileType = sourcecode.swift; path = ContentView.swift; sourceTree = "<group>"; };
		2AE0DD6D2B70EFD400D2436C /* Assets.xcassets */ = {isa = PBXFileReference; lastKnownFileType = folder.assetcatalog; path = Assets.xcassets; sourceTree = "<group>"; };
		2AE0DD702B70EFD400D2436C /* Preview Assets.xcassets */ = {isa = PBXFileReference; lastKnownFileType = folder.assetcatalog; path = "Preview Assets.xcassets"; sourceTree = "<group>"; };
		2AE0DD762B70EFD400D2436C /* mapkit-pracTests.xctest */ = {isa = PBXFileReference; explicitFileType = wrapper.cfbundle; includeInIndex = 0; path = "mapkit-pracTests.xctest"; sourceTree = BUILT_PRODUCTS_DIR; };
		2AE0DD7A2B70EFD400D2436C /* mapkit_pracTests.swift */ = {isa = PBXFileReference; lastKnownFileType = sourcecode.swift; path = mapkit_pracTests.swift; sourceTree = "<group>"; };
		2AE0DD802B70EFD400D2436C /* mapkit-pracUITests.xctest */ = {isa = PBXFileReference; explicitFileType = wrapper.cfbundle; includeInIndex = 0; path = "mapkit-pracUITests.xctest"; sourceTree = BUILT_PRODUCTS_DIR; };
		2AE0DD842B70EFD400D2436C /* mapkit_pracUITests.swift */ = {isa = PBXFileReference; lastKnownFileType = sourcecode.swift; path = mapkit_pracUITests.swift; sourceTree = "<group>"; };
		2AE0DD862B70EFD400D2436C /* mapkit_pracUITestsLaunchTests.swift */ = {isa = PBXFileReference; lastKnownFileType = sourcecode.swift; path = mapkit_pracUITestsLaunchTests.swift; sourceTree = "<group>"; };
		2AE0DD932B70EFFC00D2436C /* MapView.swift */ = {isa = PBXFileReference; lastKnownFileType = sourcecode.swift; path = MapView.swift; sourceTree = "<group>"; };
		2AE0DD952B70F00D00D2436C /* LocationManager.swift */ = {isa = PBXFileReference; lastKnownFileType = sourcecode.swift; path = LocationManager.swift; sourceTree = "<group>"; };
/* End PBXFileReference section */

/* Begin PBXFrameworksBuildPhase section */
		2AE0DD632B70EFD300D2436C /* Frameworks */ = {
			isa = PBXFrameworksBuildPhase;
			buildActionMask = 2147483647;
			files = (
			);
			runOnlyForDeploymentPostprocessing = 0;
		};
		2AE0DD732B70EFD400D2436C /* Frameworks */ = {
			isa = PBXFrameworksBuildPhase;
			buildActionMask = 2147483647;
			files = (
			);
			runOnlyForDeploymentPostprocessing = 0;
		};
		2AE0DD7D2B70EFD400D2436C /* Frameworks */ = {
			isa = PBXFrameworksBuildPhase;
			buildActionMask = 2147483647;
			files = (
			);
			runOnlyForDeploymentPostprocessing = 0;
		};
/* End PBXFrameworksBuildPhase section */

/* Begin PBXGroup section */
		2AE0DD5D2B70EFD300D2436C = {
			isa = PBXGroup;
			children = (
				2AE0DD682B70EFD300D2436C /* mapkit-prac */,
				2AE0DD792B70EFD400D2436C /* mapkit-pracTests */,
				2AE0DD832B70EFD400D2436C /* mapkit-pracUITests */,
				2AE0DD672B70EFD300D2436C /* Products */,
			);
			sourceTree = "<group>";
		};
		2AE0DD672B70EFD300D2436C /* Products */ = {
			isa = PBXGroup;
			children = (
				2AE0DD662B70EFD300D2436C /* mapkit-prac.app */,
				2AE0DD762B70EFD400D2436C /* mapkit-pracTests.xctest */,
				2AE0DD802B70EFD400D2436C /* mapkit-pracUITests.xctest */,
			);
			name = Products;
			sourceTree = "<group>";
		};
		2AE0DD682B70EFD300D2436C /* mapkit-prac */ = {
			isa = PBXGroup;
			children = (
				2AE0DD692B70EFD300D2436C /* mapkit_pracApp.swift */,
				2AE0DD6B2B70EFD300D2436C /* ContentView.swift */,
				2AE0DD6D2B70EFD400D2436C /* Assets.xcassets */,
				2AE0DD6F2B70EFD400D2436C /* Preview Content */,
				2AE0DD932B70EFFC00D2436C /* MapView.swift */,
				2AE0DD952B70F00D00D2436C /* LocationManager.swift */,
			);
			path = "mapkit-prac";
			sourceTree = "<group>";
		};
		2AE0DD6F2B70EFD400D2436C /* Preview Content */ = {
			isa = PBXGroup;
			children = (
				2AE0DD702B70EFD400D2436C /* Preview Assets.xcassets */,
			);
			path = "Preview Content";
			sourceTree = "<group>";
		};
		2AE0DD792B70EFD400D2436C /* mapkit-pracTests */ = {
			isa = PBXGroup;
			children = (
				2AE0DD7A2B70EFD400D2436C /* mapkit_pracTests.swift */,
			);
			path = "mapkit-pracTests";
			sourceTree = "<group>";
		};
		2AE0DD832B70EFD400D2436C /* mapkit-pracUITests */ = {
			isa = PBXGroup;
			children = (
				2AE0DD842B70EFD400D2436C /* mapkit_pracUITests.swift */,
				2AE0DD862B70EFD400D2436C /* mapkit_pracUITestsLaunchTests.swift */,
			);
			path = "mapkit-pracUITests";
			sourceTree = "<group>";
		};
/* End PBXGroup section */

/* Begin PBXNativeTarget section */
		2AE0DD652B70EFD300D2436C /* mapkit-prac */ = {
			isa = PBXNativeTarget;
			buildConfigurationList = 2AE0DD8A2B70EFD400D2436C /* Build configuration list for PBXNativeTarget "mapkit-prac" */;
			buildPhases = (
				2AE0DD622B70EFD300D2436C /* Sources */,
				2AE0DD632B70EFD300D2436C /* Frameworks */,
				2AE0DD642B70EFD300D2436C /* Resources */,
			);
			buildRules = (
			);
			dependencies = (
			);
			name = "mapkit-prac";
			productName = "mapkit-prac";
			productReference = 2AE0DD662B70EFD300D2436C /* mapkit-prac.app */;
			productType = "com.apple.product-type.application";
		};
		2AE0DD752B70EFD400D2436C /* mapkit-pracTests */ = {
			isa = PBXNativeTarget;
			buildConfigurationList = 2AE0DD8D2B70EFD400D2436C /* Build configuration list for PBXNativeTarget "mapkit-pracTests" */;
			buildPhases = (
				2AE0DD722B70EFD400D2436C /* Sources */,
				2AE0DD732B70EFD400D2436C /* Frameworks */,
				2AE0DD742B70EFD400D2436C /* Resources */,
			);
			buildRules = (
			);
			dependencies = (
				2AE0DD782B70EFD400D2436C /* PBXTargetDependency */,
			);
			name = "mapkit-pracTests";
			productName = "mapkit-pracTests";
			productReference = 2AE0DD762B70EFD400D2436C /* mapkit-pracTests.xctest */;
			productType = "com.apple.product-type.bundle.unit-test";
		};
		2AE0DD7F2B70EFD400D2436C /* mapkit-pracUITests */ = {
			isa = PBXNativeTarget;
			buildConfigurationList = 2AE0DD902B70EFD400D2436C /* Build configuration list for PBXNativeTarget "mapkit-pracUITests" */;
			buildPhases = (
				2AE0DD7C2B70EFD400D2436C /* Sources */,
				2AE0DD7D2B70EFD400D2436C /* Frameworks */,
				2AE0DD7E2B70EFD400D2436C /* Resources */,
			);
			buildRules = (
			);
			dependencies = (
				2AE0DD822B70EFD400D2436C /* PBXTargetDependency */,
			);
			name = "mapkit-pracUITests";
			productName = "mapkit-pracUITests";
			productReference = 2AE0DD802B70EFD400D2436C /* mapkit-pracUITests.xctest */;
			productType = "com.apple.product-type.bundle.ui-testing";
		};
/* End PBXNativeTarget section */

/* Begin PBXProject section */
		2AE0DD5E2B70EFD300D2436C /* Project object */ = {
			isa = PBXProject;
			attributes = {
				BuildIndependentTargetsInParallel = 1;
				LastSwiftUpdateCheck = 1520;
				LastUpgradeCheck = 1520;
				TargetAttributes = {
					2AE0DD652B70EFD300D2436C = {
						CreatedOnToolsVersion = 15.2;
					};
					2AE0DD752B70EFD400D2436C = {
						CreatedOnToolsVersion = 15.2;
						TestTargetID = 2AE0DD652B70EFD300D2436C;
					};
					2AE0DD7F2B70EFD400D2436C = {
						CreatedOnToolsVersion = 15.2;
						TestTargetID = 2AE0DD652B70EFD300D2436C;
					};
				};
			};
			buildConfigurationList = 2AE0DD612B70EFD300D2436C /* Build configuration list for PBXProject "mapkit-prac" */;
			compatibilityVersion = "Xcode 14.0";
			developmentRegion = en;
			hasScannedForEncodings = 0;
			knownRegions = (
				en,
				Base,
			);
			mainGroup = 2AE0DD5D2B70EFD300D2436C;
			productRefGroup = 2AE0DD672B70EFD300D2436C /* Products */;
			projectDirPath = "";
			projectRoot = "";
			targets = (
				2AE0DD652B70EFD300D2436C /* mapkit-prac */,
				2AE0DD752B70EFD400D2436C /* mapkit-pracTests */,
				2AE0DD7F2B70EFD400D2436C /* mapkit-pracUITests */,
			);
		};
/* End PBXProject section */

/* Begin PBXResourcesBuildPhase section */
		2AE0DD642B70EFD300D2436C /* Resources */ = {
			isa = PBXResourcesBuildPhase;
			buildActionMask = 2147483647;
			files = (
				2AE0DD712B70EFD400D2436C /* Preview Assets.xcassets in Resources */,
				2AE0DD6E2B70EFD400D2436C /* Assets.xcassets in Resources */,
			);
			runOnlyForDeploymentPostprocessing = 0;
		};
		2AE0DD742B70EFD400D2436C /* Resources */ = {
			isa = PBXResourcesBuildPhase;
			buildActionMask = 2147483647;
			files = (
			);
			runOnlyForDeploymentPostprocessing = 0;
		};
		2AE0DD7E2B70EFD400D2436C /* Resources */ = {
			isa = PBXResourcesBuildPhase;
			buildActionMask = 2147483647;
			files = (
			);
			runOnlyForDeploymentPostprocessing = 0;
		};
/* End PBXResourcesBuildPhase section */

/* Begin PBXSourcesBuildPhase section */
		2AE0DD622B70EFD300D2436C /* Sources */ = {
			isa = PBXSourcesBuildPhase;
			buildActionMask = 2147483647;
			files = (
				2AE0DD962B70F00D00D2436C /* LocationManager.swift in Sources */,
				2AE0DD6C2B70EFD300D2436C /* ContentView.swift in Sources */,
				2AE0DD942B70EFFC00D2436C /* MapView.swift in Sources */,
				2AE0DD6A2B70EFD300D2436C /* mapkit_pracApp.swift in Sources */,
			);
			runOnlyForDeploymentPostprocessing = 0;
		};
		2AE0DD722B70EFD400D2436C /* Sources */ = {
			isa = PBXSourcesBuildPhase;
			buildActionMask = 2147483647;
			files = (
				2AE0DD7B2B70EFD400D2436C /* mapkit_pracTests.swift in Sources */,
			);
			runOnlyForDeploymentPostprocessing = 0;
		};
		2AE0DD7C2B70EFD400D2436C /* Sources */ = {
			isa = PBXSourcesBuildPhase;
			buildActionMask = 2147483647;
			files = (
				2AE0DD872B70EFD400D2436C /* mapkit_pracUITestsLaunchTests.swift in Sources */,
				2AE0DD852B70EFD400D2436C /* mapkit_pracUITests.swift in Sources */,
			);
			runOnlyForDeploymentPostprocessing = 0;
		};
/* End PBXSourcesBuildPhase section */

/* Begin PBXTargetDependency section */
		2AE0DD782B70EFD400D2436C /* PBXTargetDependency */ = {
			isa = PBXTargetDependency;
			target = 2AE0DD652B70EFD300D2436C /* mapkit-prac */;
			targetProxy = 2AE0DD772B70EFD400D2436C /* PBXContainerItemProxy */;
		};
		2AE0DD822B70EFD400D2436C /* PBXTargetDependency */ = {
			isa = PBXTargetDependency;
			target = 2AE0DD652B70EFD300D2436C /* mapkit-prac */;
			targetProxy = 2AE0DD812B70EFD400D2436C /* PBXContainerItemProxy */;
		};
/* End PBXTargetDependency section */

/* Begin XCBuildConfiguration section */
		2AE0DD882B70EFD400D2436C /* Debug */ = {
			isa = XCBuildConfiguration;
			buildSettings = {
				ALWAYS_SEARCH_USER_PATHS = NO;
				ASSETCATALOG_COMPILER_GENERATE_SWIFT_ASSET_SYMBOL_EXTENSIONS = YES;
				CLANG_ANALYZER_NONNULL = YES;
				CLANG_ANALYZER_NUMBER_OBJECT_CONVERSION = YES_AGGRESSIVE;
				CLANG_CXX_LANGUAGE_STANDARD = "gnu++20";
				CLANG_ENABLE_MODULES = YES;
				CLANG_ENABLE_OBJC_ARC = YES;
				CLANG_ENABLE_OBJC_WEAK = YES;
				CLANG_WARN_BLOCK_CAPTURE_AUTORELEASING = YES;
				CLANG_WARN_BOOL_CONVERSION = YES;
				CLANG_WARN_COMMA = YES;
				CLANG_WARN_CONSTANT_CONVERSION = YES;
				CLANG_WARN_DEPRECATED_OBJC_IMPLEMENTATIONS = YES;
				CLANG_WARN_DIRECT_OBJC_ISA_USAGE = YES_ERROR;
				CLANG_WARN_DOCUMENTATION_COMMENTS = YES;
				CLANG_WARN_EMPTY_BODY = YES;
				CLANG_WARN_ENUM_CONVERSION = YES;
				CLANG_WARN_INFINITE_RECURSION = YES;
				CLANG_WARN_INT_CONVERSION = YES;
				CLANG_WARN_NON_LITERAL_NULL_CONVERSION = YES;
				CLANG_WARN_OBJC_IMPLICIT_RETAIN_SELF = YES;
				CLANG_WARN_OBJC_LITERAL_CONVERSION = YES;
				CLANG_WARN_OBJC_ROOT_CLASS = YES_ERROR;
				CLANG_WARN_QUOTED_INCLUDE_IN_FRAMEWORK_HEADER = YES;
				CLANG_WARN_RANGE_LOOP_ANALYSIS = YES;
				CLANG_WARN_STRICT_PROTOTYPES = YES;
				CLANG_WARN_SUSPICIOUS_MOVE = YES;
				CLANG_WARN_UNGUARDED_AVAILABILITY = YES_AGGRESSIVE;
				CLANG_WARN_UNREACHABLE_CODE = YES;
				CLANG_WARN__DUPLICATE_METHOD_MATCH = YES;
				COPY_PHASE_STRIP = NO;
				DEBUG_INFORMATION_FORMAT = dwarf;
				ENABLE_STRICT_OBJC_MSGSEND = YES;
				ENABLE_TESTABILITY = YES;
				ENABLE_USER_SCRIPT_SANDBOXING = YES;
				GCC_C_LANGUAGE_STANDARD = gnu17;
				GCC_DYNAMIC_NO_PIC = NO;
				GCC_NO_COMMON_BLOCKS = YES;
				GCC_OPTIMIZATION_LEVEL = 0;
				GCC_PREPROCESSOR_DEFINITIONS = (
					"DEBUG=1",
					"$(inherited)",
				);
				GCC_WARN_64_TO_32_BIT_CONVERSION = YES;
				GCC_WARN_ABOUT_RETURN_TYPE = YES_ERROR;
				GCC_WARN_UNDECLARED_SELECTOR = YES;
				GCC_WARN_UNINITIALIZED_AUTOS = YES_AGGRESSIVE;
				GCC_WARN_UNUSED_FUNCTION = YES;
				GCC_WARN_UNUSED_VARIABLE = YES;
				IPHONEOS_DEPLOYMENT_TARGET = 17.2;
				LOCALIZATION_PREFERS_STRING_CATALOGS = YES;
				MTL_ENABLE_DEBUG_INFO = INCLUDE_SOURCE;
				MTL_FAST_MATH = YES;
				ONLY_ACTIVE_ARCH = YES;
				SDKROOT = iphoneos;
				SWIFT_ACTIVE_COMPILATION_CONDITIONS = "DEBUG $(inherited)";
				SWIFT_OPTIMIZATION_LEVEL = "-Onone";
			};
			name = Debug;
		};
		2AE0DD892B70EFD400D2436C /* Release */ = {
			isa = XCBuildConfiguration;
			buildSettings = {
				ALWAYS_SEARCH_USER_PATHS = NO;
				ASSETCATALOG_COMPILER_GENERATE_SWIFT_ASSET_SYMBOL_EXTENSIONS = YES;
				CLANG_ANALYZER_NONNULL = YES;
				CLANG_ANALYZER_NUMBER_OBJECT_CONVERSION = YES_AGGRESSIVE;
				CLANG_CXX_LANGUAGE_STANDARD = "gnu++20";
				CLANG_ENABLE_MODULES = YES;
				CLANG_ENABLE_OBJC_ARC = YES;
				CLANG_ENABLE_OBJC_WEAK = YES;
				CLANG_WARN_BLOCK_CAPTURE_AUTORELEASING = YES;
				CLANG_WARN_BOOL_CONVERSION = YES;
				CLANG_WARN_COMMA = YES;
				CLANG_WARN_CONSTANT_CONVERSION = YES;
				CLANG_WARN_DEPRECATED_OBJC_IMPLEMENTATIONS = YES;
				CLANG_WARN_DIRECT_OBJC_ISA_USAGE = YES_ERROR;
				CLANG_WARN_DOCUMENTATION_COMMENTS = YES;
				CLANG_WARN_EMPTY_BODY = YES;
				CLANG_WARN_ENUM_CONVERSION = YES;
				CLANG_WARN_INFINITE_RECURSION = YES;
				CLANG_WARN_INT_CONVERSION = YES;
				CLANG_WARN_NON_LITERAL_NULL_CONVERSION = YES;
				CLANG_WARN_OBJC_IMPLICIT_RETAIN_SELF = YES;
				CLANG_WARN_OBJC_LITERAL_CONVERSION = YES;
				CLANG_WARN_OBJC_ROOT_CLASS = YES_ERROR;
				CLANG_WARN_QUOTED_INCLUDE_IN_FRAMEWORK_HEADER = YES;
				CLANG_WARN_RANGE_LOOP_ANALYSIS = YES;
				CLANG_WARN_STRICT_PROTOTYPES = YES;
				CLANG_WARN_SUSPICIOUS_MOVE = YES;
				CLANG_WARN_UNGUARDED_AVAILABILITY = YES_AGGRESSIVE;
				CLANG_WARN_UNREACHABLE_CODE = YES;
				CLANG_WARN__DUPLICATE_METHOD_MATCH = YES;
				COPY_PHASE_STRIP = NO;
				DEBUG_INFORMATION_FORMAT = "dwarf-with-dsym";
				ENABLE_NS_ASSERTIONS = NO;
				ENABLE_STRICT_OBJC_MSGSEND = YES;
				ENABLE_USER_SCRIPT_SANDBOXING = YES;
				GCC_C_LANGUAGE_STANDARD = gnu17;
				GCC_NO_COMMON_BLOCKS = YES;
				GCC_WARN_64_TO_32_BIT_CONVERSION = YES;
				GCC_WARN_ABOUT_RETURN_TYPE = YES_ERROR;
				GCC_WARN_UNDECLARED_SELECTOR = YES;
				GCC_WARN_UNINITIALIZED_AUTOS = YES_AGGRESSIVE;
				GCC_WARN_UNUSED_FUNCTION = YES;
				GCC_WARN_UNUSED_VARIABLE = YES;
				IPHONEOS_DEPLOYMENT_TARGET = 17.2;
				LOCALIZATION_PREFERS_STRING_CATALOGS = YES;
				MTL_ENABLE_DEBUG_INFO = NO;
				MTL_FAST_MATH = YES;
				SDKROOT = iphoneos;
				SWIFT_COMPILATION_MODE = wholemodule;
				VALIDATE_PRODUCT = YES;
			};
			name = Release;
		};
		2AE0DD8B2B70EFD400D2436C /* Debug */ = {
			isa = XCBuildConfiguration;
			buildSettings = {
				ASSETCATALOG_COMPILER_APPICON_NAME = AppIcon;
				ASSETCATALOG_COMPILER_GLOBAL_ACCENT_COLOR_NAME = AccentColor;
				CODE_SIGN_STYLE = Automatic;
				CURRENT_PROJECT_VERSION = 1;
				DEVELOPMENT_ASSET_PATHS = "\"mapkit-prac/Preview Content\"";
				DEVELOPMENT_TEAM = AQATLL3RW3;
				ENABLE_PREVIEWS = YES;
				GENERATE_INFOPLIST_FILE = YES;
				INFOPLIST_KEY_LSApplicationCategoryType = "";
				INFOPLIST_KEY_NSLocationWhenInUseUsageDescription = OK;
				INFOPLIST_KEY_UIApplicationSceneManifest_Generation = YES;
				INFOPLIST_KEY_UIApplicationSupportsIndirectInputEvents = YES;
				INFOPLIST_KEY_UILaunchScreen_Generation = YES;
				INFOPLIST_KEY_UISupportedInterfaceOrientations_iPad = "UIInterfaceOrientationPortrait UIInterfaceOrientationPortraitUpsideDown UIInterfaceOrientationLandscapeLeft UIInterfaceOrientationLandscapeRight";
				INFOPLIST_KEY_UISupportedInterfaceOrientations_iPhone = "UIInterfaceOrientationPortrait UIInterfaceOrientationLandscapeLeft UIInterfaceOrientationLandscapeRight";
				LD_RUNPATH_SEARCH_PATHS = (
					"$(inherited)",
					"@executable_path/Frameworks",
				);
				MARKETING_VERSION = 1.0;
				PRODUCT_BUNDLE_IDENTIFIER = "com.hotaka.mapkit-prac";
				PRODUCT_NAME = "$(TARGET_NAME)";
				SWIFT_EMIT_LOC_STRINGS = YES;
				SWIFT_VERSION = 5.0;
				TARGETED_DEVICE_FAMILY = "1,2";
			};
			name = Debug;
		};
		2AE0DD8C2B70EFD400D2436C /* Release */ = {
			isa = XCBuildConfiguration;
			buildSettings = {
				ASSETCATALOG_COMPILER_APPICON_NAME = AppIcon;
				ASSETCATALOG_COMPILER_GLOBAL_ACCENT_COLOR_NAME = AccentColor;
				CODE_SIGN_STYLE = Automatic;
				CURRENT_PROJECT_VERSION = 1;
				DEVELOPMENT_ASSET_PATHS = "\"mapkit-prac/Preview Content\"";
				DEVELOPMENT_TEAM = AQATLL3RW3;
				ENABLE_PREVIEWS = YES;
				GENERATE_INFOPLIST_FILE = YES;
				INFOPLIST_KEY_LSApplicationCategoryType = "";
				INFOPLIST_KEY_NSLocationWhenInUseUsageDescription = OK;
				INFOPLIST_KEY_UIApplicationSceneManifest_Generation = YES;
				INFOPLIST_KEY_UIApplicationSupportsIndirectInputEvents = YES;
				INFOPLIST_KEY_UILaunchScreen_Generation = YES;
				INFOPLIST_KEY_UISupportedInterfaceOrientations_iPad = "UIInterfaceOrientationPortrait UIInterfaceOrientationPortraitUpsideDown UIInterfaceOrientationLandscapeLeft UIInterfaceOrientationLandscapeRight";
				INFOPLIST_KEY_UISupportedInterfaceOrientations_iPhone = "UIInterfaceOrientationPortrait UIInterfaceOrientationLandscapeLeft UIInterfaceOrientationLandscapeRight";
				LD_RUNPATH_SEARCH_PATHS = (
					"$(inherited)",
					"@executable_path/Frameworks",
				);
				MARKETING_VERSION = 1.0;
				PRODUCT_BUNDLE_IDENTIFIER = "com.hotaka.mapkit-prac";
				PRODUCT_NAME = "$(TARGET_NAME)";
				SWIFT_EMIT_LOC_STRINGS = YES;
				SWIFT_VERSION = 5.0;
				TARGETED_DEVICE_FAMILY = "1,2";
			};
			name = Release;
		};
		2AE0DD8E2B70EFD400D2436C /* Debug */ = {
			isa = XCBuildConfiguration;
			buildSettings = {
				ALWAYS_EMBED_SWIFT_STANDARD_LIBRARIES = YES;
				BUNDLE_LOADER = "$(TEST_HOST)";
				CODE_SIGN_STYLE = Automatic;
				CURRENT_PROJECT_VERSION = 1;
				DEVELOPMENT_TEAM = AQATLL3RW3;
				GENERATE_INFOPLIST_FILE = YES;
				IPHONEOS_DEPLOYMENT_TARGET = 17.2;
				MARKETING_VERSION = 1.0;
				PRODUCT_BUNDLE_IDENTIFIER = "com.hotaka.mapkit-pracTests";
				PRODUCT_NAME = "$(TARGET_NAME)";
				SWIFT_EMIT_LOC_STRINGS = NO;
				SWIFT_VERSION = 5.0;
				TARGETED_DEVICE_FAMILY = "1,2";
				TEST_HOST = "$(BUILT_PRODUCTS_DIR)/mapkit-prac.app/$(BUNDLE_EXECUTABLE_FOLDER_PATH)/mapkit-prac";
			};
			name = Debug;
		};
		2AE0DD8F2B70EFD400D2436C /* Release */ = {
			isa = XCBuildConfiguration;
			buildSettings = {
				ALWAYS_EMBED_SWIFT_STANDARD_LIBRARIES = YES;
				BUNDLE_LOADER = "$(TEST_HOST)";
				CODE_SIGN_STYLE = Automatic;
				CURRENT_PROJECT_VERSION = 1;
				DEVELOPMENT_TEAM = AQATLL3RW3;
				GENERATE_INFOPLIST_FILE = YES;
				IPHONEOS_DEPLOYMENT_TARGET = 17.2;
				MARKETING_VERSION = 1.0;
				PRODUCT_BUNDLE_IDENTIFIER = "com.hotaka.mapkit-pracTests";
				PRODUCT_NAME = "$(TARGET_NAME)";
				SWIFT_EMIT_LOC_STRINGS = NO;
				SWIFT_VERSION = 5.0;
				TARGETED_DEVICE_FAMILY = "1,2";
				TEST_HOST = "$(BUILT_PRODUCTS_DIR)/mapkit-prac.app/$(BUNDLE_EXECUTABLE_FOLDER_PATH)/mapkit-prac";
			};
			name = Release;
		};
		2AE0DD912B70EFD400D2436C /* Debug */ = {
			isa = XCBuildConfiguration;
			buildSettings = {
				ALWAYS_EMBED_SWIFT_STANDARD_LIBRARIES = YES;
				CODE_SIGN_STYLE = Automatic;
				CURRENT_PROJECT_VERSION = 1;
				DEVELOPMENT_TEAM = AQATLL3RW3;
				GENERATE_INFOPLIST_FILE = YES;
				MARKETING_VERSION = 1.0;
				PRODUCT_BUNDLE_IDENTIFIER = "com.hotaka.mapkit-pracUITests";
				PRODUCT_NAME = "$(TARGET_NAME)";
				SWIFT_EMIT_LOC_STRINGS = NO;
				SWIFT_VERSION = 5.0;
				TARGETED_DEVICE_FAMILY = "1,2";
				TEST_TARGET_NAME = "mapkit-prac";
			};
			name = Debug;
		};
		2AE0DD922B70EFD400D2436C /* Release */ = {
			isa = XCBuildConfiguration;
			buildSettings = {
				ALWAYS_EMBED_SWIFT_STANDARD_LIBRARIES = YES;
				CODE_SIGN_STYLE = Automatic;
				CURRENT_PROJECT_VERSION = 1;
				DEVELOPMENT_TEAM = AQATLL3RW3;
				GENERATE_INFOPLIST_FILE = YES;
				MARKETING_VERSION = 1.0;
				PRODUCT_BUNDLE_IDENTIFIER = "com.hotaka.mapkit-pracUITests";
				PRODUCT_NAME = "$(TARGET_NAME)";
				SWIFT_EMIT_LOC_STRINGS = NO;
				SWIFT_VERSION = 5.0;
				TARGETED_DEVICE_FAMILY = "1,2";
				TEST_TARGET_NAME = "mapkit-prac";
			};
			name = Release;
		};
/* End XCBuildConfiguration section */

/* Begin XCConfigurationList section */
		2AE0DD612B70EFD300D2436C /* Build configuration list for PBXProject "mapkit-prac" */ = {
			isa = XCConfigurationList;
			buildConfigurations = (
				2AE0DD882B70EFD400D2436C /* Debug */,
				2AE0DD892B70EFD400D2436C /* Release */,
			);
			defaultConfigurationIsVisible = 0;
			defaultConfigurationName = Release;
		};
		2AE0DD8A2B70EFD400D2436C /* Build configuration list for PBXNativeTarget "mapkit-prac" */ = {
			isa = XCConfigurationList;
			buildConfigurations = (
				2AE0DD8B2B70EFD400D2436C /* Debug */,
				2AE0DD8C2B70EFD400D2436C /* Release */,
			);
			defaultConfigurationIsVisible = 0;
			defaultConfigurationName = Release;
		};
		2AE0DD8D2B70EFD400D2436C /* Build configuration list for PBXNativeTarget "mapkit-pracTests" */ = {
			isa = XCConfigurationList;
			buildConfigurations = (
				2AE0DD8E2B70EFD400D2436C /* Debug */,
				2AE0DD8F2B70EFD400D2436C /* Release */,
			);
			defaultConfigurationIsVisible = 0;
			defaultConfigurationName = Release;
		};
		2AE0DD902B70EFD400D2436C /* Build configuration list for PBXNativeTarget "mapkit-pracUITests" */ = {
			isa = XCConfigurationList;
			buildConfigurations = (
				2AE0DD912B70EFD400D2436C /* Debug */,
				2AE0DD922B70EFD400D2436C /* Release */,
			);
			defaultConfigurationIsVisible = 0;
			defaultConfigurationName = Release;
		};
/* End XCConfigurationList section */
	};
	rootObject = 2AE0DD5E2B70EFD300D2436C /* Project object */;
}
